
Microsoft Visual Studio Solution File, Format Version 11.00
# Visual Studio 2010
Project("{E24C65DC-7377-472B-9ABA-BC803B73C61A}") = "dynamicdata", "..\..\WebSites\dynamicdata\", "{88E33096-1A0F-4B9E-A7AE-8EE514A31E2B}"
	ProjectSection(WebsiteProperties) = preProject
		TargetFrameworkMoniker = ".NETFramework,Version%3Dv4.0"
		Debug.AspNetCompiler.VirtualPath = "/dynamicdata"
		Debug.AspNetCompiler.PhysicalPath = "..\..\WebSites\dynamicdata\"
		Debug.AspNetCompiler.TargetPath = "PrecompiledWeb\dynamicdata\"
		Debug.AspNetCompiler.Updateable = "true"
		Debug.AspNetCompiler.ForceOverwrite = "true"
		Debug.AspNetCompiler.FixedNames = "false"
		Debug.AspNetCompiler.Debug = "True"
		Release.AspNetCompiler.VirtualPath = "/dynamicdata"
		Release.AspNetCompiler.PhysicalPath = "..\..\WebSites\dynamicdata\"
		Release.AspNetCompiler.TargetPath = "PrecompiledWeb\dynamicdata\"
		Release.AspNetCompiler.Updateable = "true"
		Release.AspNetCompiler.ForceOverwrite = "true"
		Release.AspNetCompiler.FixedNames = "false"
		Release.AspNetCompiler.Debug = "False"
		VWDPort = "1229"
		DefaultWebSiteLanguage = "Visual C#"
	EndProjectSection
EndProject
Global
	GlobalSection(SolutionConfigurationPlatforms) = preSolution
		Debug|Any CPU = Debug|Any CPU
	EndGlobalSection
	GlobalSection(ProjectConfigurationPlatforms) = postSolution
		{88E33096-1A0F-4B9E-A7AE-8EE514A31E2B}.Debug|Any CPU.ActiveCfg = Debug|Any CPU
		{88E33096-1A0F-4B9E-A7AE-8EE514A31E2B}.Debug|Any CPU.Build.0 = Debug|Any CPU
	EndGlobalSection
	GlobalSection(SolutionProperties) = preSolution
		HideSolutionNode = FALSE
	EndGlobalSection
EndGlobal
